
Microsoft Visual Studio Solution File, Format Version 12.00
# Visual Studio Version 16
VisualStudioVersion = 16.0.30503.244
MinimumVisualStudioVersion = 10.0.40219.1
Project("{FAE04EC0-301F-11D3-BF4B-00C04F79EFBC}") = "alfalah", "alfalah\alfalah.csproj", "{DF0C6682-E73B-4C73-8C9E-514679CE577D}"
EndProject
Global
	GlobalSection(SolutionConfigurationPlatforms) = preSolution
		Debug|Any CPU = Debug|Any CPU
		Release|Any CPU = Release|Any CPU
	EndGlobalSection
	GlobalSection(ProjectConfigurationPlatforms) = postSolution
		{DF0C6682-E73B-4C73-8C9E-514679CE577D}.Debug|Any CPU.ActiveCfg = Debug|Any CPU
		{DF0C6682-E73B-4C73-8C9E-514679CE577D}.Debug|Any CPU.Build.0 = Debug|Any CPU
		{DF0C6682-E73B-4C73-8C9E-514679CE577D}.Release|Any CPU.ActiveCfg = Release|Any CPU
		{DF0C6682-E73B-4C73-8C9E-514679CE577D}.Release|Any CPU.Build.0 = Release|Any CPU
	EndGlobalSection
	GlobalSection(SolutionProperties) = preSolution
		HideSolutionNode = FALSE
	EndGlobalSection
	GlobalSection(ExtensibilityGlobals) = postSolution
		SolutionGuid = {B8B9EEAB-EE02-4668-9E7B-C425CC1D7D04}
	EndGlobalSection
EndGlobal
